// !$*UTF8*$!
{
	archiveVersion = 1;
	classes = {
	};
	objectVersion = 56;
	objects = {

/* Begin PBXBuildFile section */
		8561ACF52ABEC91D0011FF21 /* AppDelegate.swift in Sources */ = {isa = PBXBuildFile; fileRef = 8561ACF42ABEC91D0011FF21 /* AppDelegate.swift */; };
		8561ACF72ABEC91D0011FF21 /* SceneDelegate.swift in Sources */ = {isa = PBXBuildFile; fileRef = 8561ACF62ABEC91D0011FF21 /* SceneDelegate.swift */; };
		8561ACF92ABEC91D0011FF21 /* ViewController.swift in Sources */ = {isa = PBXBuildFile; fileRef = 8561ACF82ABEC91D0011FF21 /* ViewController.swift */; };
		8561ACFC2ABEC91D0011FF21 /* Main.storyboard in Resources */ = {isa = PBXBuildFile; fileRef = 8561ACFA2ABEC91D0011FF21 /* Main.storyboard */; };
		8561ACFE2ABEC91F0011FF21 /* Assets.xcassets in Resources */ = {isa = PBXBuildFile; fileRef = 8561ACFD2ABEC91F0011FF21 /* Assets.xcassets */; };
		8561AD012ABEC91F0011FF21 /* LaunchScreen.storyboard in Resources */ = {isa = PBXBuildFile; fileRef = 8561ACFF2ABEC91F0011FF21 /* LaunchScreen.storyboard */; };
		8561AD0E2ABEC9A20011FF21 /* JokesPresenter.swift in Sources */ = {isa = PBXBuildFile; fileRef = 8561AD0D2ABEC9A20011FF21 /* JokesPresenter.swift */; };
/* End PBXBuildFile section */

/* Begin PBXFileReference section */
		8561ACF12ABEC91D0011FF21 /* MVP-Demo.app */ = {isa = PBXFileReference; explicitFileType = wrapper.application; includeInIndex = 0; path = "MVP-Demo.app"; sourceTree = BUILT_PRODUCTS_DIR; };
		8561ACF42ABEC91D0011FF21 /* AppDelegate.swift */ = {isa = PBXFileReference; lastKnownFileType = sourcecode.swift; path = AppDelegate.swift; sourceTree = "<group>"; };
		8561ACF62ABEC91D0011FF21 /* SceneDelegate.swift */ = {isa = PBXFileReference; lastKnownFileType = sourcecode.swift; path = SceneDelegate.swift; sourceTree = "<group>"; };
		8561ACF82ABEC91D0011FF21 /* ViewController.swift */ = {isa = PBXFileReference; lastKnownFileType = sourcecode.swift; path = ViewController.swift; sourceTree = "<group>"; };
		8561ACFB2ABEC91D0011FF21 /* Base */ = {isa = PBXFileReference; lastKnownFileType = file.storyboard; name = Base; path = Base.lproj/Main.storyboard; sourceTree = "<group>"; };
		8561ACFD2ABEC91F0011FF21 /* Assets.xcassets */ = {isa = PBXFileReference; lastKnownFileType = folder.assetcatalog; path = Assets.xcassets; sourceTree = "<group>"; };
		8561AD002ABEC91F0011FF21 /* Base */ = {isa = PBXFileReference; lastKnownFileType = file.storyboard; name = Base; path = Base.lproj/LaunchScreen.storyboard; sourceTree = "<group>"; };
		8561AD022ABEC91F0011FF21 /* Info.plist */ = {isa = PBXFileReference; lastKnownFileType = text.plist.xml; path = Info.plist; sourceTree = "<group>"; };
		8561AD0D2ABEC9A20011FF21 /* JokesPresenter.swift */ = {isa = PBXFileReference; lastKnownFileType = sourcecode.swift; path = JokesPresenter.swift; sourceTree = "<group>"; };
/* End PBXFileReference section */

/* Begin PBXFrameworksBuildPhase section */
		8561ACEE2ABEC91D0011FF21 /* Frameworks */ = {
			isa = PBXFrameworksBuildPhase;
			buildActionMask = 2147483647;
			files = (
			);
			runOnlyForDeploymentPostprocessing = 0;
		};
/* End PBXFrameworksBuildPhase section */

/* Begin PBXGroup section */
		8561ACE82ABEC91D0011FF21 = {
			isa = PBXGroup;
			children = (
				8561ACF32ABEC91D0011FF21 /* MVP-Demo */,
				8561ACF22ABEC91D0011FF21 /* Products */,
			);
			sourceTree = "<group>";
		};
		8561ACF22ABEC91D0011FF21 /* Products */ = {
			isa = PBXGroup;
			children = (
				8561ACF12ABEC91D0011FF21 /* MVP-Demo.app */,
			);
			name = Products;
			sourceTree = "<group>";
		};
		8561ACF32ABEC91D0011FF21 /* MVP-Demo */ = {
			isa = PBXGroup;
			children = (
				8561AD0A2ABEC95F0011FF21 /* Model */,
				8561AD092ABEC9530011FF21 /* View */,
				8561AD082ABEC9390011FF21 /* Presenter */,
				8561ACF42ABEC91D0011FF21 /* AppDelegate.swift */,
				8561ACF62ABEC91D0011FF21 /* SceneDelegate.swift */,
				8561ACFA2ABEC91D0011FF21 /* Main.storyboard */,
				8561ACFD2ABEC91F0011FF21 /* Assets.xcassets */,
				8561ACFF2ABEC91F0011FF21 /* LaunchScreen.storyboard */,
				8561AD022ABEC91F0011FF21 /* Info.plist */,
			);
			path = "MVP-Demo";
			sourceTree = "<group>";
		};
		8561AD082ABEC9390011FF21 /* Presenter */ = {
			isa = PBXGroup;
			children = (
				8561AD0D2ABEC9A20011FF21 /* JokesPresenter.swift */,
			);
			path = Presenter;
			sourceTree = "<group>";
		};
		8561AD092ABEC9530011FF21 /* View */ = {
			isa = PBXGroup;
			children = (
				8561ACF82ABEC91D0011FF21 /* ViewController.swift */,
			);
			path = View;
			sourceTree = "<group>";
		};
		8561AD0A2ABEC95F0011FF21 /* Model */ = {
			isa = PBXGroup;
			children = (
			);
			path = Model;
			sourceTree = "<group>";
		};
/* End PBXGroup section */

/* Begin PBXNativeTarget section */
		8561ACF02ABEC91D0011FF21 /* MVP-Demo */ = {
			isa = PBXNativeTarget;
			buildConfigurationList = 8561AD052ABEC91F0011FF21 /* Build configuration list for PBXNativeTarget "MVP-Demo" */;
			buildPhases = (
				8561ACED2ABEC91D0011FF21 /* Sources */,
				8561ACEE2ABEC91D0011FF21 /* Frameworks */,
				8561ACEF2ABEC91D0011FF21 /* Resources */,
			);
			buildRules = (
			);
			dependencies = (
			);
			name = "MVP-Demo";
			productName = "MVP-Demo";
			productReference = 8561ACF12ABEC91D0011FF21 /* MVP-Demo.app */;
			productType = "com.apple.product-type.application";
		};
/* End PBXNativeTarget section */

/* Begin PBXProject section */
		8561ACE92ABEC91D0011FF21 /* Project object */ = {
			isa = PBXProject;
			attributes = {
				BuildIndependentTargetsInParallel = 1;
				LastSwiftUpdateCheck = 1420;
				LastUpgradeCheck = 1420;
				TargetAttributes = {
					8561ACF02ABEC91D0011FF21 = {
						CreatedOnToolsVersion = 14.2;
					};
				};
			};
			buildConfigurationList = 8561ACEC2ABEC91D0011FF21 /* Build configuration list for PBXProject "MVP-Demo" */;
			compatibilityVersion = "Xcode 14.0";
			developmentRegion = en;
			hasScannedForEncodings = 0;
			knownRegions = (
				en,
				Base,
			);
			mainGroup = 8561ACE82ABEC91D0011FF21;
			productRefGroup = 8561ACF22ABEC91D0011FF21 /* Products */;
			projectDirPath = "";
			projectRoot = "";
			targets = (
				8561ACF02ABEC91D0011FF21 /* MVP-Demo */,
			);
		};
/* End PBXProject section */

/* Begin PBXResourcesBuildPhase section */
		8561ACEF2ABEC91D0011FF21 /* Resources */ = {
			isa = PBXResourcesBuildPhase;
			buildActionMask = 2147483647;
			files = (
				8561AD012ABEC91F0011FF21 /* LaunchScreen.storyboard in Resources */,
				8561ACFE2ABEC91F0011FF21 /* Assets.xcassets in Resources */,
				8561ACFC2ABEC91D0011FF21 /* Main.storyboard in Resources */,
			);
			runOnlyForDeploymentPostprocessing = 0;
		};
/* End PBXResourcesBuildPhase section */

/* Begin PBXSourcesBuildPhase section */
		8561ACED2ABEC91D0011FF21 /* Sources */ = {
			isa = PBXSourcesBuildPhase;
			buildActionMask = 2147483647;
			files = (
				8561AD0E2ABEC9A20011FF21 /* JokesPresenter.swift in Sources */,
				8561ACF92ABEC91D0011FF21 /* ViewController.swift in Sources */,
				8561ACF52ABEC91D0011FF21 /* AppDelegate.swift in Sources */,
				8561ACF72ABEC91D0011FF21 /* SceneDelegate.swift in Sources */,
			);
			runOnlyForDeploymentPostprocessing = 0;
		};
/* End PBXSourcesBuildPhase section */

/* Begin PBXVariantGroup section */
		8561ACFA2ABEC91D0011FF21 /* Main.storyboard */ = {
			isa = PBXVariantGroup;
			children = (
				8561ACFB2ABEC91D0011FF21 /* Base */,
			);
			name = Main.storyboard;
			sourceTree = "<group>";
		};
		8561ACFF2ABEC91F0011FF21 /* LaunchScreen.storyboard */ = {
			isa = PBXVariantGroup;
			children = (
				8561AD002ABEC91F0011FF21 /* Base */,
			);
			name = LaunchScreen.storyboard;
			sourceTree = "<group>";
		};
/* End PBXVariantGroup section */

/* Begin XCBuildConfiguration section */
		8561AD032ABEC91F0011FF21 /* Debug */ = {
			isa = XCBuildConfiguration;
			buildSettings = {
				ALWAYS_SEARCH_USER_PATHS = NO;
				CLANG_ANALYZER_NONNULL = YES;
				CLANG_ANALYZER_NUMBER_OBJECT_CONVERSION = YES_AGGRESSIVE;
				CLANG_CXX_LANGUAGE_STANDARD = "gnu++20";
				CLANG_ENABLE_MODULES = YES;
				CLANG_ENABLE_OBJC_ARC = YES;
				CLANG_ENABLE_OBJC_WEAK = YES;
				CLANG_WARN_BLOCK_CAPTURE_AUTORELEASING = YES;
				CLANG_WARN_BOOL_CONVERSION = YES;
				CLANG_WARN_COMMA = YES;
				CLANG_WARN_CONSTANT_CONVERSION = YES;
				CLANG_WARN_DEPRECATED_OBJC_IMPLEMENTATIONS = YES;
				CLANG_WARN_DIRECT_OBJC_ISA_USAGE = YES_ERROR;
				CLANG_WARN_DOCUMENTATION_COMMENTS = YES;
				CLANG_WARN_EMPTY_BODY = YES;
				CLANG_WARN_ENUM_CONVERSION = YES;
				CLANG_WARN_INFINITE_RECURSION = YES;
				CLANG_WARN_INT_CONVERSION = YES;
				CLANG_WARN_NON_LITERAL_NULL_CONVERSION = YES;
				CLANG_WARN_OBJC_IMPLICIT_RETAIN_SELF = YES;
				CLANG_WARN_OBJC_LITERAL_CONVERSION = YES;
				CLANG_WARN_OBJC_ROOT_CLASS = YES_ERROR;
				CLANG_WARN_QUOTED_INCLUDE_IN_FRAMEWORK_HEADER = YES;
				CLANG_WARN_RANGE_LOOP_ANALYSIS = YES;
				CLANG_WARN_STRICT_PROTOTYPES = YES;
				CLANG_WARN_SUSPICIOUS_MOVE = YES;
				CLANG_WARN_UNGUARDED_AVAILABILITY = YES_AGGRESSIVE;
				CLANG_WARN_UNREACHABLE_CODE = YES;
				CLANG_WARN__DUPLICATE_METHOD_MATCH = YES;
				COPY_PHASE_STRIP = NO;
				DEBUG_INFORMATION_FORMAT = dwarf;
				ENABLE_STRICT_OBJC_MSGSEND = YES;
				ENABLE_TESTABILITY = YES;
				GCC_C_LANGUAGE_STANDARD = gnu11;
				GCC_DYNAMIC_NO_PIC = NO;
				GCC_NO_COMMON_BLOCKS = YES;
				GCC_OPTIMIZATION_LEVEL = 0;
				GCC_PREPROCESSOR_DEFINITIONS = (
					"DEBUG=1",
					"$(inherited)",
				);
				GCC_WARN_64_TO_32_BIT_CONVERSION = YES;
				GCC_WARN_ABOUT_RETURN_TYPE = YES_ERROR;
				GCC_WARN_UNDECLARED_SELECTOR = YES;
				GCC_WARN_UNINITIALIZED_AUTOS = YES_AGGRESSIVE;
				GCC_WARN_UNUSED_FUNCTION = YES;
				GCC_WARN_UNUSED_VARIABLE = YES;
				IPHONEOS_DEPLOYMENT_TARGET = 16.2;
				MTL_ENABLE_DEBUG_INFO = INCLUDE_SOURCE;
				MTL_FAST_MATH = YES;
				ONLY_ACTIVE_ARCH = YES;
				SDKROOT = iphoneos;
				SWIFT_ACTIVE_COMPILATION_CONDITIONS = DEBUG;
				SWIFT_OPTIMIZATION_LEVEL = "-Onone";
			};
			name = Debug;
		};
		8561AD042ABEC91F0011FF21 /* Release */ = {
			isa = XCBuildConfiguration;
			buildSettings = {
				ALWAYS_SEARCH_USER_PATHS = NO;
				CLANG_ANALYZER_NONNULL = YES;
				CLANG_ANALYZER_NUMBER_OBJECT_CONVERSION = YES_AGGRESSIVE;
				CLANG_CXX_LANGUAGE_STANDARD = "gnu++20";
				CLANG_ENABLE_MODULES = YES;
				CLANG_ENABLE_OBJC_ARC = YES;
				CLANG_ENABLE_OBJC_WEAK = YES;
				CLANG_WARN_BLOCK_CAPTURE_AUTORELEASING = YES;
				CLANG_WARN_BOOL_CONVERSION = YES;
				CLANG_WARN_COMMA = YES;
				CLANG_WARN_CONSTANT_CONVERSION = YES;
				CLANG_WARN_DEPRECATED_OBJC_IMPLEMENTATIONS = YES;
				CLANG_WARN_DIRECT_OBJC_ISA_USAGE = YES_ERROR;
				CLANG_WARN_DOCUMENTATION_COMMENTS = YES;
				CLANG_WARN_EMPTY_BODY = YES;
				CLANG_WARN_ENUM_CONVERSION = YES;
				CLANG_WARN_INFINITE_RECURSION = YES;
				CLANG_WARN_INT_CONVERSION = YES;
				CLANG_WARN_NON_LITERAL_NULL_CONVERSION = YES;
				CLANG_WARN_OBJC_IMPLICIT_RETAIN_SELF = YES;
				CLANG_WARN_OBJC_LITERAL_CONVERSION = YES;
				CLANG_WARN_OBJC_ROOT_CLASS = YES_ERROR;
				CLANG_WARN_QUOTED_INCLUDE_IN_FRAMEWORK_HEADER = YES;
				CLANG_WARN_RANGE_LOOP_ANALYSIS = YES;
				CLANG_WARN_STRICT_PROTOTYPES = YES;
				CLANG_WARN_SUSPICIOUS_MOVE = YES;
				CLANG_WARN_UNGUARDED_AVAILABILITY = YES_AGGRESSIVE;
				CLANG_WARN_UNREACHABLE_CODE = YES;
				CLANG_WARN__DUPLICATE_METHOD_MATCH = YES;
				COPY_PHASE_STRIP = NO;
				DEBUG_INFORMATION_FORMAT = "dwarf-with-dsym";
				ENABLE_NS_ASSERTIONS = NO;
				ENABLE_STRICT_OBJC_MSGSEND = YES;
				GCC_C_LANGUAGE_STANDARD = gnu11;
				GCC_NO_COMMON_BLOCKS = YES;
				GCC_WARN_64_TO_32_BIT_CONVERSION = YES;
				GCC_WARN_ABOUT_RETURN_TYPE = YES_ERROR;
				GCC_WARN_UNDECLARED_SELECTOR = YES;
				GCC_WARN_UNINITIALIZED_AUTOS = YES_AGGRESSIVE;
				GCC_WARN_UNUSED_FUNCTION = YES;
				GCC_WARN_UNUSED_VARIABLE = YES;
				IPHONEOS_DEPLOYMENT_TARGET = 16.2;
				MTL_ENABLE_DEBUG_INFO = NO;
				MTL_FAST_MATH = YES;
				SDKROOT = iphoneos;
				SWIFT_COMPILATION_MODE = wholemodule;
				SWIFT_OPTIMIZATION_LEVEL = "-O";
				VALIDATE_PRODUCT = YES;
			};
			name = Release;
		};
		8561AD062ABEC91F0011FF21 /* Debug */ = {
			isa = XCBuildConfiguration;
			buildSettings = {
				ASSETCATALOG_COMPILER_APPICON_NAME = AppIcon;
				ASSETCATALOG_COMPILER_GLOBAL_ACCENT_COLOR_NAME = AccentColor;
				CODE_SIGN_STYLE = Automatic;
				CURRENT_PROJECT_VERSION = 1;
				GENERATE_INFOPLIST_FILE = YES;
				INFOPLIST_FILE = "MVP-Demo/Info.plist";
				INFOPLIST_KEY_UIApplicationSupportsIndirectInputEvents = YES;
				INFOPLIST_KEY_UILaunchStoryboardName = LaunchScreen;
				INFOPLIST_KEY_UIMainStoryboardFile = Main;
				INFOPLIST_KEY_UISupportedInterfaceOrientations_iPad = "UIInterfaceOrientationPortrait UIInterfaceOrientationPortraitUpsideDown UIInterfaceOrientationLandscapeLeft UIInterfaceOrientationLandscapeRight";
				INFOPLIST_KEY_UISupportedInterfaceOrientations_iPhone = "UIInterfaceOrientationPortrait UIInterfaceOrientationLandscapeLeft UIInterfaceOrientationLandscapeRight";
				IPHONEOS_DEPLOYMENT_TARGET = 13.0;
				LD_RUNPATH_SEARCH_PATHS = (
					"$(inherited)",
					"@executable_path/Frameworks",
				);
				MARKETING_VERSION = 1.0;
				PRODUCT_BUNDLE_IDENTIFIER = "com.manoj.MVP-Demo";
				PRODUCT_NAME = "$(TARGET_NAME)";
				SWIFT_EMIT_LOC_STRINGS = YES;
				SWIFT_VERSION = 5.0;
				TARGETED_DEVICE_FAMILY = "1,2";
			};
			name = Debug;
		};
		8561AD072ABEC91F0011FF21 /* Release */ = {
			isa = XCBuildConfiguration;
			buildSettings = {
				ASSETCATALOG_COMPILER_APPICON_NAME = AppIcon;
				ASSETCATALOG_COMPILER_GLOBAL_ACCENT_COLOR_NAME = AccentColor;
				CODE_SIGN_STYLE = Automatic;
				CURRENT_PROJECT_VERSION = 1;
				GENERATE_INFOPLIST_FILE = YES;
				INFOPLIST_FILE = "MVP-Demo/Info.plist";
				INFOPLIST_KEY_UIApplicationSupportsIndirectInputEvents = YES;
				INFOPLIST_KEY_UILaunchStoryboardName = LaunchScreen;
				INFOPLIST_KEY_UIMainStoryboardFile = Main;
				INFOPLIST_KEY_UISupportedInterfaceOrientations_iPad = "UIInterfaceOrientationPortrait UIInterfaceOrientationPortraitUpsideDown UIInterfaceOrientationLandscapeLeft UIInterfaceOrientationLandscapeRight";
				INFOPLIST_KEY_UISupportedInterfaceOrientations_iPhone = "UIInterfaceOrientationPortrait UIInterfaceOrientationLandscapeLeft UIInterfaceOrientationLandscapeRight";
				IPHONEOS_DEPLOYMENT_TARGET = 13.0;
				LD_RUNPATH_SEARCH_PATHS = (
					"$(inherited)",
					"@executable_path/Frameworks",
				);
				MARKETING_VERSION = 1.0;
				PRODUCT_BUNDLE_IDENTIFIER = "com.manoj.MVP-Demo";
				PRODUCT_NAME = "$(TARGET_NAME)";
				SWIFT_EMIT_LOC_STRINGS = YES;
				SWIFT_VERSION = 5.0;
				TARGETED_DEVICE_FAMILY = "1,2";
			};
			name = Release;
		};
/* End XCBuildConfiguration section */

/* Begin XCConfigurationList section */
		8561ACEC2ABEC91D0011FF21 /* Build configuration list for PBXProject "MVP-Demo" */ = {
			isa = XCConfigurationList;
			buildConfigurations = (
				8561AD032ABEC91F0011FF21 /* Debug */,
				8561AD042ABEC91F0011FF21 /* Release */,
			);
			defaultConfigurationIsVisible = 0;
			defaultConfigurationName = Release;
		};
		8561AD052ABEC91F0011FF21 /* Build configuration list for PBXNativeTarget "MVP-Demo" */ = {
			isa = XCConfigurationList;
			buildConfigurations = (
				8561AD062ABEC91F0011FF21 /* Debug */,
				8561AD072ABEC91F0011FF21 /* Release */,
			);
			defaultConfigurationIsVisible = 0;
			defaultConfigurationName = Release;
		};
/* End XCConfigurationList section */
	};
	rootObject = 8561ACE92ABEC91D0011FF21 /* Project object */;
}
